
Microsoft Visual Studio Solution File, Format Version 12.00
# Visual Studio Version 16
VisualStudioVersion = 16.0.29509.3
MinimumVisualStudioVersion = 10.0.40219.1
Project("{9A19103F-16F7-4668-BE54-9A1E7A4F7556}") = "DesktopApp", "DesktopApp\DesktopApp.csproj", "{A010AA58-F5A4-4975-B87F-F68E5CDFB7FD}"
EndProject
Global
	GlobalSection(SolutionConfigurationPlatforms) = preSolution
		Debug|Any CPU = Debug|Any CPU
		Debug|x64 = Debug|x64
		Debug|x86 = Debug|x86
		Release|Any CPU = Release|Any CPU
		Release|x64 = Release|x64
		Release|x86 = Release|x86
	EndGlobalSection
	GlobalSection(ProjectConfigurationPlatforms) = postSolution
		{A010AA58-F5A4-4975-B87F-F68E5CDFB7FD}.Debug|Any CPU.ActiveCfg = Debug|Any CPU
		{A010AA58-F5A4-4975-B87F-F68E5CDFB7FD}.Debug|Any CPU.Build.0 = Debug|Any CPU
		{A010AA58-F5A4-4975-B87F-F68E5CDFB7FD}.Debug|x64.ActiveCfg = Debug|x64
		{A010AA58-F5A4-4975-B87F-F68E5CDFB7FD}.Debug|x64.Build.0 = Debug|x64
		{A010AA58-F5A4-4975-B87F-F68E5CDFB7FD}.Debug|x86.ActiveCfg = Debug|Any CPU
		{A010AA58-F5A4-4975-B87F-F68E5CDFB7FD}.Debug|x86.Build.0 = Debug|Any CPU
		{A010AA58-F5A4-4975-B87F-F68E5CDFB7FD}.Release|Any CPU.ActiveCfg = Release|Any CPU
		{A010AA58-F5A4-4975-B87F-F68E5CDFB7FD}.Release|Any CPU.Build.0 = Release|Any CPU
		{A010AA58-F5A4-4975-B87F-F68E5CDFB7FD}.Release|x64.ActiveCfg = Release|x64
		{A010AA58-F5A4-4975-B87F-F68E5CDFB7FD}.Release|x64.Build.0 = Release|x64
		{A010AA58-F5A4-4975-B87F-F68E5CDFB7FD}.Release|x86.ActiveCfg = Debug|Any CPU
		{A010AA58-F5A4-4975-B87F-F68E5CDFB7FD}.Release|x86.Build.0 = Debug|Any CPU
	EndGlobalSection
	GlobalSection(SolutionProperties) = preSolution
		HideSolutionNode = FALSE
	EndGlobalSection
	GlobalSection(ExtensibilityGlobals) = postSolution
		SolutionGuid = {46D7770C-71E6-4565-AC2D-D7A9E00CA258}
	EndGlobalSection
EndGlobal
